
Microsoft Visual Studio Solution File, Format Version 12.00
# Visual Studio Version 17
Project("{8BC9CEB8-8B4A-11D0-8D11-00A0C91BC942}") = "ALL_BUILD", "ALL_BUILD.vcxproj", "{406C98EE-9542-30CC-91D9-B51628CD7366}"
	ProjectSection(ProjectDependencies) = postProject
		{44A35FB6-C59D-3056-A933-0E2A00804034} = {44A35FB6-C59D-3056-A933-0E2A00804034}
		{EEC6C3DC-6833-3232-90A5-EFDE173BA20D} = {EEC6C3DC-6833-3232-90A5-EFDE173BA20D}
	EndProjectSection
EndProject
Project("{8BC9CEB8-8B4A-11D0-8D11-00A0C91BC942}") = "ZERO_CHECK", "ZERO_CHECK.vcxproj", "{44A35FB6-C59D-3056-A933-0E2A00804034}"
	ProjectSection(ProjectDependencies) = postProject
	EndProjectSection
EndProject
Project("{8BC9CEB8-8B4A-11D0-8D11-00A0C91BC942}") = "unicorn_terminal", "unicorn_terminal.vcxproj", "{EEC6C3DC-6833-3232-90A5-EFDE173BA20D}"
	ProjectSection(ProjectDependencies) = postProject
		{44A35FB6-C59D-3056-A933-0E2A00804034} = {44A35FB6-C59D-3056-A933-0E2A00804034}
	EndProjectSection
EndProject
Global
	GlobalSection(SolutionConfigurationPlatforms) = preSolution
		Debug|x64 = Debug|x64
		Release|x64 = Release|x64
		MinSizeRel|x64 = MinSizeRel|x64
		RelWithDebInfo|x64 = RelWithDebInfo|x64
	EndGlobalSection
	GlobalSection(ProjectConfigurationPlatforms) = postSolution
		{406C98EE-9542-30CC-91D9-B51628CD7366}.Debug|x64.ActiveCfg = Debug|x64
		{406C98EE-9542-30CC-91D9-B51628CD7366}.Release|x64.ActiveCfg = Release|x64
		{406C98EE-9542-30CC-91D9-B51628CD7366}.MinSizeRel|x64.ActiveCfg = MinSizeRel|x64
		{406C98EE-9542-30CC-91D9-B51628CD7366}.RelWithDebInfo|x64.ActiveCfg = RelWithDebInfo|x64
		{44A35FB6-C59D-3056-A933-0E2A00804034}.Debug|x64.ActiveCfg = Debug|x64
		{44A35FB6-C59D-3056-A933-0E2A00804034}.Debug|x64.Build.0 = Debug|x64
		{44A35FB6-C59D-3056-A933-0E2A00804034}.Release|x64.ActiveCfg = Release|x64
		{44A35FB6-C59D-3056-A933-0E2A00804034}.Release|x64.Build.0 = Release|x64
		{44A35FB6-C59D-3056-A933-0E2A00804034}.MinSizeRel|x64.ActiveCfg = MinSizeRel|x64
		{44A35FB6-C59D-3056-A933-0E2A00804034}.MinSizeRel|x64.Build.0 = MinSizeRel|x64
		{44A35FB6-C59D-3056-A933-0E2A00804034}.RelWithDebInfo|x64.ActiveCfg = RelWithDebInfo|x64
		{44A35FB6-C59D-3056-A933-0E2A00804034}.RelWithDebInfo|x64.Build.0 = RelWithDebInfo|x64
		{EEC6C3DC-6833-3232-90A5-EFDE173BA20D}.Debug|x64.ActiveCfg = Debug|x64
		{EEC6C3DC-6833-3232-90A5-EFDE173BA20D}.Debug|x64.Build.0 = Debug|x64
		{EEC6C3DC-6833-3232-90A5-EFDE173BA20D}.Release|x64.ActiveCfg = Release|x64
		{EEC6C3DC-6833-3232-90A5-EFDE173BA20D}.Release|x64.Build.0 = Release|x64
		{EEC6C3DC-6833-3232-90A5-EFDE173BA20D}.MinSizeRel|x64.ActiveCfg = MinSizeRel|x64
		{EEC6C3DC-6833-3232-90A5-EFDE173BA20D}.MinSizeRel|x64.Build.0 = MinSizeRel|x64
		{EEC6C3DC-6833-3232-90A5-EFDE173BA20D}.RelWithDebInfo|x64.ActiveCfg = RelWithDebInfo|x64
		{EEC6C3DC-6833-3232-90A5-EFDE173BA20D}.RelWithDebInfo|x64.Build.0 = RelWithDebInfo|x64
	EndGlobalSection
	GlobalSection(ExtensibilityGlobals) = postSolution
		SolutionGuid = {AB61396E-9C32-32CC-A5E3-5D7C0C7E516A}
	EndGlobalSection
	GlobalSection(ExtensibilityAddIns) = postSolution
	EndGlobalSection
EndGlobal
