<?xml version="1.0" encoding="utf-8"?>
<Project ToolsVersion="17.0" xmlns="http://schemas.microsoft.com/developer/msbuild/2003">
  <ItemGroup>
    <ClCompile Include="C:\Users\DHBWQ\Desktop\EEG\EEGvsMEG\gtec_Clib\terminal\main.cpp">
      <Filter>Source Files</Filter>
    </ClCompile>
  </ItemGroup>
  <ItemGroup>
    <CustomBuild Include="C:\Users\DHBWQ\Desktop\EEG\EEGvsMEG\gtec_Clib\terminal\CMakeLists.txt" />
  </ItemGroup>
  <ItemGroup>
    <Filter Include="Source Files">
      <UniqueIdentifier>{89BAA494-5CA0-32D7-B1EE-E97A0B5880E4}</UniqueIdentifier>
    </Filter>
  </ItemGroup>
</Project>
